
Microsoft Visual Studio Solution File, Format Version 12.00
# Visual Studio 15
Project("{FAE04EC0-301F-11D3-BF4B-00C04F79EFBC}") = "Cognitive3D", "Cognitive3D.csproj", "{E4B60051-1B8C-606C-B42C-10F9791BCA44}"
EndProject
Project("{FAE04EC0-301F-11D3-BF4B-00C04F79EFBC}") = "Obi", "Obi.csproj", "{31E3D6C3-BE46-CCB8-253A-7891B030315F}"
EndProject
Project("{FAE04EC0-301F-11D3-BF4B-00C04F79EFBC}") = "Assembly-CSharp", "Assembly-CSharp.csproj", "{7D2F6BE3-3677-9B5A-0415-44A961C8BA2C}"
EndProject
Project("{FAE04EC0-301F-11D3-BF4B-00C04F79EFBC}") = "Microsoft.MixedReality.Toolkit.Examples", "Microsoft.MixedReality.Toolkit.Examples.csproj", "{FED53E8B-D398-24E5-7A63-8D5ADA0073AC}"
EndProject
Project("{FAE04EC0-301F-11D3-BF4B-00C04F79EFBC}") = "Microsoft.MixedReality.Toolkit.Demos.Audio", "Microsoft.MixedReality.Toolkit.Demos.Audio.csproj", "{28C45D09-8C29-B5C1-77B7-868C7CBB170C}"
EndProject
Project("{FAE04EC0-301F-11D3-BF4B-00C04F79EFBC}") = "Microsoft.MixedReality.Toolkit.Demos.InspectorFields", "Microsoft.MixedReality.Toolkit.Demos.InspectorFields.csproj", "{1BBE95B4-C3E8-B94D-55C5-84D5E528AF1C}"
EndProject
Project("{FAE04EC0-301F-11D3-BF4B-00C04F79EFBC}") = "Microsoft.MixedReality.Toolkit.Demos.UX.Interactables", "Microsoft.MixedReality.Toolkit.Demos.UX.Interactables.csproj", "{889A7E7C-54B6-EF46-EA5D-5B25C172F0A1}"
EndProject
Project("{FAE04EC0-301F-11D3-BF4B-00C04F79EFBC}") = "Microsoft.MixedReality.Toolkit.Demos.Gltf", "Microsoft.MixedReality.Toolkit.Demos.Gltf.csproj", "{8FA6416A-BF01-8448-607F-BE67B6718D8F}"
EndProject
Project("{FAE04EC0-301F-11D3-BF4B-00C04F79EFBC}") = "Obi.Editor", "Obi.Editor.csproj", "{04232B25-9481-2294-137E-952DA788EA08}"
EndProject
Project("{FAE04EC0-301F-11D3-BF4B-00C04F79EFBC}") = "Cognitive3DEditor", "Cognitive3DEditor.csproj", "{C15FEB46-E56D-5FC6-AA27-4A44E4156310}"
EndProject
Project("{FAE04EC0-301F-11D3-BF4B-00C04F79EFBC}") = "Microsoft.MixedReality.Toolkit.Demos.InspectorFields.Inspectors", "Microsoft.MixedReality.Toolkit.Demos.InspectorFields.Inspectors.csproj", "{71914AD9-B845-FAF5-B814-A1683A122C01}"
EndProject
Project("{FAE04EC0-301F-11D3-BF4B-00C04F79EFBC}") = "Microsoft.MixedReality.Toolkit.Demos.StandardShader.Inspectors", "Microsoft.MixedReality.Toolkit.Demos.StandardShader.Inspectors.csproj", "{1DCCB074-90AC-AB4F-27DC-08A97958830A}"
EndProject
Project("{FAE04EC0-301F-11D3-BF4B-00C04F79EFBC}") = "Assembly-CSharp-Editor", "Assembly-CSharp-Editor.csproj", "{5075D2AD-C908-7973-FF78-FA3ECA64C9FB}"
EndProject
Project("{FAE04EC0-301F-11D3-BF4B-00C04F79EFBC}") = "Microsoft.MixedReality.Toolkit.Demos.Gltf.Inspectors", "Microsoft.MixedReality.Toolkit.Demos.Gltf.Inspectors.csproj", "{190D1FAB-E99C-D31A-C951-A3EAF2E2FDA5}"
EndProject
Global
	GlobalSection(SolutionConfigurationPlatforms) = preSolution
		Debug|Any CPU = Debug|Any CPU
		Release|Any CPU = Release|Any CPU
	EndGlobalSection
	GlobalSection(ProjectConfigurationPlatforms) = postSolution
		{E4B60051-1B8C-606C-B42C-10F9791BCA44}.Debug|Any CPU.ActiveCfg = Debug|Any CPU
		{E4B60051-1B8C-606C-B42C-10F9791BCA44}.Debug|Any CPU.Build.0 = Debug|Any CPU
		{E4B60051-1B8C-606C-B42C-10F9791BCA44}.Release|Any CPU.ActiveCfg = Release|Any CPU
		{E4B60051-1B8C-606C-B42C-10F9791BCA44}.Release|Any CPU.Build.0 = Release|Any CPU
		{31E3D6C3-BE46-CCB8-253A-7891B030315F}.Debug|Any CPU.ActiveCfg = Debug|Any CPU
		{31E3D6C3-BE46-CCB8-253A-7891B030315F}.Debug|Any CPU.Build.0 = Debug|Any CPU
		{31E3D6C3-BE46-CCB8-253A-7891B030315F}.Release|Any CPU.ActiveCfg = Release|Any CPU
		{31E3D6C3-BE46-CCB8-253A-7891B030315F}.Release|Any CPU.Build.0 = Release|Any CPU
		{7D2F6BE3-3677-9B5A-0415-44A961C8BA2C}.Debug|Any CPU.ActiveCfg = Debug|Any CPU
		{7D2F6BE3-3677-9B5A-0415-44A961C8BA2C}.Debug|Any CPU.Build.0 = Debug|Any CPU
		{7D2F6BE3-3677-9B5A-0415-44A961C8BA2C}.Release|Any CPU.ActiveCfg = Release|Any CPU
		{7D2F6BE3-3677-9B5A-0415-44A961C8BA2C}.Release|Any CPU.Build.0 = Release|Any CPU
		{FED53E8B-D398-24E5-7A63-8D5ADA0073AC}.Debug|Any CPU.ActiveCfg = Debug|Any CPU
		{FED53E8B-D398-24E5-7A63-8D5ADA0073AC}.Debug|Any CPU.Build.0 = Debug|Any CPU
		{FED53E8B-D398-24E5-7A63-8D5ADA0073AC}.Release|Any CPU.ActiveCfg = Release|Any CPU
		{FED53E8B-D398-24E5-7A63-8D5ADA0073AC}.Release|Any CPU.Build.0 = Release|Any CPU
		{28C45D09-8C29-B5C1-77B7-868C7CBB170C}.Debug|Any CPU.ActiveCfg = Debug|Any CPU
		{28C45D09-8C29-B5C1-77B7-868C7CBB170C}.Debug|Any CPU.Build.0 = Debug|Any CPU
		{28C45D09-8C29-B5C1-77B7-868C7CBB170C}.Release|Any CPU.ActiveCfg = Release|Any CPU
		{28C45D09-8C29-B5C1-77B7-868C7CBB170C}.Release|Any CPU.Build.0 = Release|Any CPU
		{1BBE95B4-C3E8-B94D-55C5-84D5E528AF1C}.Debug|Any CPU.ActiveCfg = Debug|Any CPU
		{1BBE95B4-C3E8-B94D-55C5-84D5E528AF1C}.Debug|Any CPU.Build.0 = Debug|Any CPU
		{1BBE95B4-C3E8-B94D-55C5-84D5E528AF1C}.Release|Any CPU.ActiveCfg = Release|Any CPU
		{1BBE95B4-C3E8-B94D-55C5-84D5E528AF1C}.Release|Any CPU.Build.0 = Release|Any CPU
		{889A7E7C-54B6-EF46-EA5D-5B25C172F0A1}.Debug|Any CPU.ActiveCfg = Debug|Any CPU
		{889A7E7C-54B6-EF46-EA5D-5B25C172F0A1}.Debug|Any CPU.Build.0 = Debug|Any CPU
		{889A7E7C-54B6-EF46-EA5D-5B25C172F0A1}.Release|Any CPU.ActiveCfg = Release|Any CPU
		{889A7E7C-54B6-EF46-EA5D-5B25C172F0A1}.Release|Any CPU.Build.0 = Release|Any CPU
		{8FA6416A-BF01-8448-607F-BE67B6718D8F}.Debug|Any CPU.ActiveCfg = Debug|Any CPU
		{8FA6416A-BF01-8448-607F-BE67B6718D8F}.Debug|Any CPU.Build.0 = Debug|Any CPU
		{8FA6416A-BF01-8448-607F-BE67B6718D8F}.Release|Any CPU.ActiveCfg = Release|Any CPU
		{8FA6416A-BF01-8448-607F-BE67B6718D8F}.Release|Any CPU.Build.0 = Release|Any CPU
		{04232B25-9481-2294-137E-952DA788EA08}.Debug|Any CPU.ActiveCfg = Debug|Any CPU
		{04232B25-9481-2294-137E-952DA788EA08}.Debug|Any CPU.Build.0 = Debug|Any CPU
		{04232B25-9481-2294-137E-952DA788EA08}.Release|Any CPU.ActiveCfg = Release|Any CPU
		{04232B25-9481-2294-137E-952DA788EA08}.Release|Any CPU.Build.0 = Release|Any CPU
		{C15FEB46-E56D-5FC6-AA27-4A44E4156310}.Debug|Any CPU.ActiveCfg = Debug|Any CPU
		{C15FEB46-E56D-5FC6-AA27-4A44E4156310}.Debug|Any CPU.Build.0 = Debug|Any CPU
		{C15FEB46-E56D-5FC6-AA27-4A44E4156310}.Release|Any CPU.ActiveCfg = Release|Any CPU
		{C15FEB46-E56D-5FC6-AA27-4A44E4156310}.Release|Any CPU.Build.0 = Release|Any CPU
		{71914AD9-B845-FAF5-B814-A1683A122C01}.Debug|Any CPU.ActiveCfg = Debug|Any CPU
		{71914AD9-B845-FAF5-B814-A1683A122C01}.Debug|Any CPU.Build.0 = Debug|Any CPU
		{71914AD9-B845-FAF5-B814-A1683A122C01}.Release|Any CPU.ActiveCfg = Release|Any CPU
		{71914AD9-B845-FAF5-B814-A1683A122C01}.Release|Any CPU.Build.0 = Release|Any CPU
		{1DCCB074-90AC-AB4F-27DC-08A97958830A}.Debug|Any CPU.ActiveCfg = Debug|Any CPU
		{1DCCB074-90AC-AB4F-27DC-08A97958830A}.Debug|Any CPU.Build.0 = Debug|Any CPU
		{1DCCB074-90AC-AB4F-27DC-08A97958830A}.Release|Any CPU.ActiveCfg = Release|Any CPU
		{1DCCB074-90AC-AB4F-27DC-08A97958830A}.Release|Any CPU.Build.0 = Release|Any CPU
		{5075D2AD-C908-7973-FF78-FA3ECA64C9FB}.Debug|Any CPU.ActiveCfg = Debug|Any CPU
		{5075D2AD-C908-7973-FF78-FA3ECA64C9FB}.Debug|Any CPU.Build.0 = Debug|Any CPU
		{5075D2AD-C908-7973-FF78-FA3ECA64C9FB}.Release|Any CPU.ActiveCfg = Release|Any CPU
		{5075D2AD-C908-7973-FF78-FA3ECA64C9FB}.Release|Any CPU.Build.0 = Release|Any CPU
		{190D1FAB-E99C-D31A-C951-A3EAF2E2FDA5}.Debug|Any CPU.ActiveCfg = Debug|Any CPU
		{190D1FAB-E99C-D31A-C951-A3EAF2E2FDA5}.Debug|Any CPU.Build.0 = Debug|Any CPU
		{190D1FAB-E99C-D31A-C951-A3EAF2E2FDA5}.Release|Any CPU.ActiveCfg = Release|Any CPU
		{190D1FAB-E99C-D31A-C951-A3EAF2E2FDA5}.Release|Any CPU.Build.0 = Release|Any CPU
	EndGlobalSection
	GlobalSection(SolutionProperties) = preSolution
		HideSolutionNode = FALSE
	EndGlobalSection
EndGlobal
